
Microsoft Visual Studio Solution File, Format Version 12.00
# Visual Studio Version 16
VisualStudioVersion = 16.0.30907.101
MinimumVisualStudioVersion = 10.0.40219.1
Project("{FAE04EC0-301F-11D3-BF4B-00C04F79EFBC}") = "SyntaxSugarExercise", "SyntaxSugarExercise\SyntaxSugarExercise.csproj", "{F05B7A1B-88EF-4150-9C56-6AE4E519D85C}"
EndProject
Global
	GlobalSection(SolutionConfigurationPlatforms) = preSolution
		Debug|Any CPU = Debug|Any CPU
		Release|Any CPU = Release|Any CPU
	EndGlobalSection
	GlobalSection(ProjectConfigurationPlatforms) = postSolution
		{F05B7A1B-88EF-4150-9C56-6AE4E519D85C}.Debug|Any CPU.ActiveCfg = Debug|Any CPU
		{F05B7A1B-88EF-4150-9C56-6AE4E519D85C}.Debug|Any CPU.Build.0 = Debug|Any CPU
		{F05B7A1B-88EF-4150-9C56-6AE4E519D85C}.Release|Any CPU.ActiveCfg = Release|Any CPU
		{F05B7A1B-88EF-4150-9C56-6AE4E519D85C}.Release|Any CPU.Build.0 = Release|Any CPU
	EndGlobalSection
	GlobalSection(SolutionProperties) = preSolution
		HideSolutionNode = FALSE
	EndGlobalSection
	GlobalSection(ExtensibilityGlobals) = postSolution
		SolutionGuid = {97FECA27-1E90-4F28-B688-F8B13883FA99}
	EndGlobalSection
EndGlobal
